
Microsoft Visual Studio Solution File, Format Version 12.00
# Visual Studio 14
VisualStudioVersion = 14.0.24720.0
MinimumVisualStudioVersion = 10.0.40219.1
Project("{2150E333-8FDC-42A3-9474-1A3956D46DE8}") = "src", "src", "{D7E06FFC-DA21-4C47-833A-B2735383636B}"
EndProject
Project("{2150E333-8FDC-42A3-9474-1A3956D46DE8}") = "Solution Items", "Solution Items", "{0F42540C-EA54-4DEE-BE6F-7C93F7DA28D9}"
	ProjectSection(SolutionItems) = preProject
		global.json = global.json
	EndProjectSection
EndProject
Project("{8BB2217D-0F2D-49D1-97BC-3654ED321F3B}") = "AJAXTest01", "src\AJAXTest01\AJAXTest01.xproj", "{FEAFFA9A-EA37-4ADF-9EF5-1DF3FDC91F81}"
EndProject
Global
	GlobalSection(SolutionConfigurationPlatforms) = preSolution
		Debug|Any CPU = Debug|Any CPU
		Release|Any CPU = Release|Any CPU
	EndGlobalSection
	GlobalSection(ProjectConfigurationPlatforms) = postSolution
		{FEAFFA9A-EA37-4ADF-9EF5-1DF3FDC91F81}.Debug|Any CPU.ActiveCfg = Debug|Any CPU
		{FEAFFA9A-EA37-4ADF-9EF5-1DF3FDC91F81}.Debug|Any CPU.Build.0 = Debug|Any CPU
		{FEAFFA9A-EA37-4ADF-9EF5-1DF3FDC91F81}.Release|Any CPU.ActiveCfg = Release|Any CPU
		{FEAFFA9A-EA37-4ADF-9EF5-1DF3FDC91F81}.Release|Any CPU.Build.0 = Release|Any CPU
	EndGlobalSection
	GlobalSection(SolutionProperties) = preSolution
		HideSolutionNode = FALSE
	EndGlobalSection
	GlobalSection(NestedProjects) = preSolution
		{FEAFFA9A-EA37-4ADF-9EF5-1DF3FDC91F81} = {D7E06FFC-DA21-4C47-833A-B2735383636B}
	EndGlobalSection
EndGlobal
